
Microsoft Visual Studio Solution File, Format Version 12.00
# Visual Studio Version 17
VisualStudioVersion = 17.9.34728.123
MinimumVisualStudioVersion = 10.0.40219.1
Project("{FAE04EC0-301F-11D3-BF4B-00C04F79EFBC}") = "carrelloASP", "carrelloASP\carrelloASP.csproj", "{15886E3C-27E9-41BA-916D-8F8848CE785C}"
EndProject
Global
	GlobalSection(SolutionConfigurationPlatforms) = preSolution
		Debug|Any CPU = Debug|Any CPU
		Release|Any CPU = Release|Any CPU
	EndGlobalSection
	GlobalSection(ProjectConfigurationPlatforms) = postSolution
		{15886E3C-27E9-41BA-916D-8F8848CE785C}.Debug|Any CPU.ActiveCfg = Debug|Any CPU
		{15886E3C-27E9-41BA-916D-8F8848CE785C}.Debug|Any CPU.Build.0 = Debug|Any CPU
		{15886E3C-27E9-41BA-916D-8F8848CE785C}.Release|Any CPU.ActiveCfg = Release|Any CPU
		{15886E3C-27E9-41BA-916D-8F8848CE785C}.Release|Any CPU.Build.0 = Release|Any CPU
	EndGlobalSection
	GlobalSection(SolutionProperties) = preSolution
		HideSolutionNode = FALSE
	EndGlobalSection
	GlobalSection(ExtensibilityGlobals) = postSolution
		SolutionGuid = {C19998F5-9640-4E9F-85CD-4B2008A6FCF0}
	EndGlobalSection
EndGlobal
